
Microsoft Visual Studio Solution File, Format Version 12.00
# Visual Studio Version 17
VisualStudioVersion = 17.13.35931.197
MinimumVisualStudioVersion = 10.0.40219.1
Project("{FAE04EC0-301F-11D3-BF4B-00C04F79EFBC}") = "ConsoleKeyDispatcher", "ConsoleKeyDispatcher\ConsoleKeyDispatcher.csproj", "{9E51E334-5F72-402F-9023-974361CA7697}"
EndProject
Project("{FAE04EC0-301F-11D3-BF4B-00C04F79EFBC}") = "Example", "Example\Example.csproj", "{5AAD146D-6027-4333-8FF6-B5B9B7F6DE63}"
EndProject
Project("{FAE04EC0-301F-11D3-BF4B-00C04F79EFBC}") = "ConsoleKeyDispatcher.Tests", "ConsoleKeyDispatcher.Tests\ConsoleKeyDispatcher.Tests.csproj", "{A1B2C3D4-E5F6-7890-ABCD-EF1234567890}"
EndProject
Project("{2150E333-8FDC-42A3-9474-1A3956D46DE8}") = "Solution Items", "Solution Items", "{02EA681E-C7D8-13C7-8484-4AC65E1B71E8}"
	ProjectSection(SolutionItems) = preProject
		.editorconfig = .editorconfig
	EndProjectSection
EndProject
Global
	GlobalSection(SolutionConfigurationPlatforms) = preSolution
		Debug|Any CPU = Debug|Any CPU
		Release|Any CPU = Release|Any CPU
	EndGlobalSection
	GlobalSection(ProjectConfigurationPlatforms) = postSolution
		{9E51E334-5F72-402F-9023-974361CA7697}.Debug|Any CPU.ActiveCfg = Debug|Any CPU
		{9E51E334-5F72-402F-9023-974361CA7697}.Debug|Any CPU.Build.0 = Debug|Any CPU
		{9E51E334-5F72-402F-9023-974361CA7697}.Release|Any CPU.ActiveCfg = Release|Any CPU
		{9E51E334-5F72-402F-9023-974361CA7697}.Release|Any CPU.Build.0 = Release|Any CPU
		{5AAD146D-6027-4333-8FF6-B5B9B7F6DE63}.Debug|Any CPU.ActiveCfg = Debug|Any CPU
		{5AAD146D-6027-4333-8FF6-B5B9B7F6DE63}.Debug|Any CPU.Build.0 = Debug|Any CPU
		{5AAD146D-6027-4333-8FF6-B5B9B7F6DE63}.Release|Any CPU.ActiveCfg = Release|Any CPU
		{5AAD146D-6027-4333-8FF6-B5B9B7F6DE63}.Release|Any CPU.Build.0 = Release|Any CPU
		{A1B2C3D4-E5F6-7890-ABCD-EF1234567890}.Debug|Any CPU.ActiveCfg = Debug|Any CPU
		{A1B2C3D4-E5F6-7890-ABCD-EF1234567890}.Debug|Any CPU.Build.0 = Debug|Any CPU
		{A1B2C3D4-E5F6-7890-ABCD-EF1234567890}.Release|Any CPU.ActiveCfg = Release|Any CPU
		{A1B2C3D4-E5F6-7890-ABCD-EF1234567890}.Release|Any CPU.Build.0 = Release|Any CPU
	EndGlobalSection
	GlobalSection(SolutionProperties) = preSolution
		HideSolutionNode = FALSE
	EndGlobalSection
	GlobalSection(ExtensibilityGlobals) = postSolution
		SolutionGuid = {46935190-B1D9-4CF2-8B4C-8303911D9F3C}
	EndGlobalSection
EndGlobal
